// !$*UTF8*$!
{
	archiveVersion = 1;
	classes = {
	};
	objectVersion = 50;
	objects = {

/* Begin PBXBuildFile section */
		B6E082A026A53FFE0024CCA9 /* TableViewController.swift in Sources */ = {isa = PBXBuildFile; fileRef = B6E0829F26A53FFE0024CCA9 /* TableViewController.swift */; };
		B6E082A426A5414A0024CCA9 /* TableViewCell.swift in Sources */ = {isa = PBXBuildFile; fileRef = B6E082A326A5414A0024CCA9 /* TableViewCell.swift */; };
		B6E082A826A5623A0024CCA9 /* CollectionViewController.swift in Sources */ = {isa = PBXBuildFile; fileRef = B6E082A726A5623A0024CCA9 /* CollectionViewController.swift */; };
		B6E082AB26A562940024CCA9 /* CollectionViewCell.swift in Sources */ = {isa = PBXBuildFile; fileRef = B6E082AA26A562940024CCA9 /* CollectionViewCell.swift */; };
		B6F04E0826A43C890081F89A /* AppDelegate.swift in Sources */ = {isa = PBXBuildFile; fileRef = B6F04E0726A43C890081F89A /* AppDelegate.swift */; };
		B6F04E0A26A43C890081F89A /* SceneDelegate.swift in Sources */ = {isa = PBXBuildFile; fileRef = B6F04E0926A43C890081F89A /* SceneDelegate.swift */; };
		B6F04E0F26A43C890081F89A /* Main.storyboard in Resources */ = {isa = PBXBuildFile; fileRef = B6F04E0D26A43C890081F89A /* Main.storyboard */; };
		B6F04E1126A43C8A0081F89A /* Assets.xcassets in Resources */ = {isa = PBXBuildFile; fileRef = B6F04E1026A43C8A0081F89A /* Assets.xcassets */; };
		B6F04E1426A43C8A0081F89A /* LaunchScreen.storyboard in Resources */ = {isa = PBXBuildFile; fileRef = B6F04E1226A43C8A0081F89A /* LaunchScreen.storyboard */; };
		B6F04E1F26A441CC0081F89A /* RootViewController.swift in Sources */ = {isa = PBXBuildFile; fileRef = B6F04E1E26A441CC0081F89A /* RootViewController.swift */; };
		B6F04E2426A469110081F89A /* Extensions.swift in Sources */ = {isa = PBXBuildFile; fileRef = B6F04E2326A469110081F89A /* Extensions.swift */; };
		B6F04E2726A46B960081F89A /* ScrollViewController.swift in Sources */ = {isa = PBXBuildFile; fileRef = B6F04E2626A46B960081F89A /* ScrollViewController.swift */; };
/* End PBXBuildFile section */

/* Begin PBXFileReference section */
		B6E0829F26A53FFE0024CCA9 /* TableViewController.swift */ = {isa = PBXFileReference; lastKnownFileType = sourcecode.swift; path = TableViewController.swift; sourceTree = "<group>"; };
		B6E082A326A5414A0024CCA9 /* TableViewCell.swift */ = {isa = PBXFileReference; lastKnownFileType = sourcecode.swift; path = TableViewCell.swift; sourceTree = "<group>"; };
		B6E082A726A5623A0024CCA9 /* CollectionViewController.swift */ = {isa = PBXFileReference; lastKnownFileType = sourcecode.swift; path = CollectionViewController.swift; sourceTree = "<group>"; };
		B6E082AA26A562940024CCA9 /* CollectionViewCell.swift */ = {isa = PBXFileReference; lastKnownFileType = sourcecode.swift; path = CollectionViewCell.swift; sourceTree = "<group>"; };
		B6F04E0426A43C890081F89A /* tutorial.app */ = {isa = PBXFileReference; explicitFileType = wrapper.application; includeInIndex = 0; path = tutorial.app; sourceTree = BUILT_PRODUCTS_DIR; };
		B6F04E0726A43C890081F89A /* AppDelegate.swift */ = {isa = PBXFileReference; lastKnownFileType = sourcecode.swift; path = AppDelegate.swift; sourceTree = "<group>"; };
		B6F04E0926A43C890081F89A /* SceneDelegate.swift */ = {isa = PBXFileReference; lastKnownFileType = sourcecode.swift; path = SceneDelegate.swift; sourceTree = "<group>"; };
		B6F04E0E26A43C890081F89A /* Base */ = {isa = PBXFileReference; lastKnownFileType = file.storyboard; name = Base; path = Base.lproj/Main.storyboard; sourceTree = "<group>"; };
		B6F04E1026A43C8A0081F89A /* Assets.xcassets */ = {isa = PBXFileReference; lastKnownFileType = folder.assetcatalog; path = Assets.xcassets; sourceTree = "<group>"; };
		B6F04E1326A43C8A0081F89A /* Base */ = {isa = PBXFileReference; lastKnownFileType = file.storyboard; name = Base; path = Base.lproj/LaunchScreen.storyboard; sourceTree = "<group>"; };
		B6F04E1526A43C8A0081F89A /* Info.plist */ = {isa = PBXFileReference; lastKnownFileType = text.plist.xml; path = Info.plist; sourceTree = "<group>"; };
		B6F04E1E26A441CC0081F89A /* RootViewController.swift */ = {isa = PBXFileReference; lastKnownFileType = sourcecode.swift; path = RootViewController.swift; sourceTree = "<group>"; };
		B6F04E2326A469110081F89A /* Extensions.swift */ = {isa = PBXFileReference; lastKnownFileType = sourcecode.swift; path = Extensions.swift; sourceTree = "<group>"; };
		B6F04E2626A46B960081F89A /* ScrollViewController.swift */ = {isa = PBXFileReference; lastKnownFileType = sourcecode.swift; path = ScrollViewController.swift; sourceTree = "<group>"; };
/* End PBXFileReference section */

/* Begin PBXFrameworksBuildPhase section */
		B6F04E0126A43C890081F89A /* Frameworks */ = {
			isa = PBXFrameworksBuildPhase;
			buildActionMask = 2147483647;
			files = (
			);
			runOnlyForDeploymentPostprocessing = 0;
		};
/* End PBXFrameworksBuildPhase section */

/* Begin PBXGroup section */
		B6E082A226A5413B0024CCA9 /* Views */ = {
			isa = PBXGroup;
			children = (
				B6E082A326A5414A0024CCA9 /* TableViewCell.swift */,
				B6E082AA26A562940024CCA9 /* CollectionViewCell.swift */,
			);
			path = Views;
			sourceTree = "<group>";
		};
		B6F04DFB26A43C890081F89A = {
			isa = PBXGroup;
			children = (
				B6F04E0626A43C890081F89A /* tutorial */,
				B6F04E0526A43C890081F89A /* Products */,
			);
			sourceTree = "<group>";
		};
		B6F04E0526A43C890081F89A /* Products */ = {
			isa = PBXGroup;
			children = (
				B6F04E0426A43C890081F89A /* tutorial.app */,
			);
			name = Products;
			sourceTree = "<group>";
		};
		B6F04E0626A43C890081F89A /* tutorial */ = {
			isa = PBXGroup;
			children = (
				B6E082A226A5413B0024CCA9 /* Views */,
				B6F04E2226A468FD0081F89A /* Extensions */,
				B6F04E1D26A441B80081F89A /* Controllers */,
				B6F04E0726A43C890081F89A /* AppDelegate.swift */,
				B6F04E0926A43C890081F89A /* SceneDelegate.swift */,
				B6F04E0D26A43C890081F89A /* Main.storyboard */,
				B6F04E1026A43C8A0081F89A /* Assets.xcassets */,
				B6F04E1226A43C8A0081F89A /* LaunchScreen.storyboard */,
				B6F04E1526A43C8A0081F89A /* Info.plist */,
			);
			path = tutorial;
			sourceTree = "<group>";
		};
		B6F04E1D26A441B80081F89A /* Controllers */ = {
			isa = PBXGroup;
			children = (
				B6F04E1E26A441CC0081F89A /* RootViewController.swift */,
				B6F04E2626A46B960081F89A /* ScrollViewController.swift */,
				B6E0829F26A53FFE0024CCA9 /* TableViewController.swift */,
				B6E082A726A5623A0024CCA9 /* CollectionViewController.swift */,
			);
			path = Controllers;
			sourceTree = "<group>";
		};
		B6F04E2226A468FD0081F89A /* Extensions */ = {
			isa = PBXGroup;
			children = (
				B6F04E2326A469110081F89A /* Extensions.swift */,
			);
			path = Extensions;
			sourceTree = "<group>";
		};
/* End PBXGroup section */

/* Begin PBXNativeTarget section */
		B6F04E0326A43C890081F89A /* tutorial */ = {
			isa = PBXNativeTarget;
			buildConfigurationList = B6F04E1826A43C8A0081F89A /* Build configuration list for PBXNativeTarget "tutorial" */;
			buildPhases = (
				B6F04E0026A43C890081F89A /* Sources */,
				B6F04E0126A43C890081F89A /* Frameworks */,
				B6F04E0226A43C890081F89A /* Resources */,
			);
			buildRules = (
			);
			dependencies = (
			);
			name = tutorial;
			productName = tutorial;
			productReference = B6F04E0426A43C890081F89A /* tutorial.app */;
			productType = "com.apple.product-type.application";
		};
/* End PBXNativeTarget section */

/* Begin PBXProject section */
		B6F04DFC26A43C890081F89A /* Project object */ = {
			isa = PBXProject;
			attributes = {
				LastSwiftUpdateCheck = 1230;
				LastUpgradeCheck = 1230;
				TargetAttributes = {
					B6F04E0326A43C890081F89A = {
						CreatedOnToolsVersion = 12.3;
					};
				};
			};
			buildConfigurationList = B6F04DFF26A43C890081F89A /* Build configuration list for PBXProject "tutorial" */;
			compatibilityVersion = "Xcode 9.3";
			developmentRegion = en;
			hasScannedForEncodings = 0;
			knownRegions = (
				en,
				Base,
			);
			mainGroup = B6F04DFB26A43C890081F89A;
			productRefGroup = B6F04E0526A43C890081F89A /* Products */;
			projectDirPath = "";
			projectRoot = "";
			targets = (
				B6F04E0326A43C890081F89A /* tutorial */,
			);
		};
/* End PBXProject section */

/* Begin PBXResourcesBuildPhase section */
		B6F04E0226A43C890081F89A /* Resources */ = {
			isa = PBXResourcesBuildPhase;
			buildActionMask = 2147483647;
			files = (
				B6F04E1426A43C8A0081F89A /* LaunchScreen.storyboard in Resources */,
				B6F04E1126A43C8A0081F89A /* Assets.xcassets in Resources */,
				B6F04E0F26A43C890081F89A /* Main.storyboard in Resources */,
			);
			runOnlyForDeploymentPostprocessing = 0;
		};
/* End PBXResourcesBuildPhase section */

/* Begin PBXSourcesBuildPhase section */
		B6F04E0026A43C890081F89A /* Sources */ = {
			isa = PBXSourcesBuildPhase;
			buildActionMask = 2147483647;
			files = (
				B6F04E0826A43C890081F89A /* AppDelegate.swift in Sources */,
				B6E082A026A53FFE0024CCA9 /* TableViewController.swift in Sources */,
				B6E082AB26A562940024CCA9 /* CollectionViewCell.swift in Sources */,
				B6F04E0A26A43C890081F89A /* SceneDelegate.swift in Sources */,
				B6F04E2726A46B960081F89A /* ScrollViewController.swift in Sources */,
				B6E082A826A5623A0024CCA9 /* CollectionViewController.swift in Sources */,
				B6F04E1F26A441CC0081F89A /* RootViewController.swift in Sources */,
				B6E082A426A5414A0024CCA9 /* TableViewCell.swift in Sources */,
				B6F04E2426A469110081F89A /* Extensions.swift in Sources */,
			);
			runOnlyForDeploymentPostprocessing = 0;
		};
/* End PBXSourcesBuildPhase section */

/* Begin PBXVariantGroup section */
		B6F04E0D26A43C890081F89A /* Main.storyboard */ = {
			isa = PBXVariantGroup;
			children = (
				B6F04E0E26A43C890081F89A /* Base */,
			);
			name = Main.storyboard;
			sourceTree = "<group>";
		};
		B6F04E1226A43C8A0081F89A /* LaunchScreen.storyboard */ = {
			isa = PBXVariantGroup;
			children = (
				B6F04E1326A43C8A0081F89A /* Base */,
			);
			name = LaunchScreen.storyboard;
			sourceTree = "<group>";
		};
/* End PBXVariantGroup section */

/* Begin XCBuildConfiguration section */
		B6F04E1626A43C8A0081F89A /* Debug */ = {
			isa = XCBuildConfiguration;
			buildSettings = {
				ALWAYS_SEARCH_USER_PATHS = NO;
				CLANG_ANALYZER_NONNULL = YES;
				CLANG_ANALYZER_NUMBER_OBJECT_CONVERSION = YES_AGGRESSIVE;
				CLANG_CXX_LANGUAGE_STANDARD = "gnu++14";
				CLANG_CXX_LIBRARY = "libc++";
				CLANG_ENABLE_MODULES = YES;
				CLANG_ENABLE_OBJC_ARC = YES;
				CLANG_ENABLE_OBJC_WEAK = YES;
				CLANG_WARN_BLOCK_CAPTURE_AUTORELEASING = YES;
				CLANG_WARN_BOOL_CONVERSION = YES;
				CLANG_WARN_COMMA = YES;
				CLANG_WARN_CONSTANT_CONVERSION = YES;
				CLANG_WARN_DEPRECATED_OBJC_IMPLEMENTATIONS = YES;
				CLANG_WARN_DIRECT_OBJC_ISA_USAGE = YES_ERROR;
				CLANG_WARN_DOCUMENTATION_COMMENTS = YES;
				CLANG_WARN_EMPTY_BODY = YES;
				CLANG_WARN_ENUM_CONVERSION = YES;
				CLANG_WARN_INFINITE_RECURSION = YES;
				CLANG_WARN_INT_CONVERSION = YES;
				CLANG_WARN_NON_LITERAL_NULL_CONVERSION = YES;
				CLANG_WARN_OBJC_IMPLICIT_RETAIN_SELF = YES;
				CLANG_WARN_OBJC_LITERAL_CONVERSION = YES;
				CLANG_WARN_OBJC_ROOT_CLASS = YES_ERROR;
				CLANG_WARN_QUOTED_INCLUDE_IN_FRAMEWORK_HEADER = YES;
				CLANG_WARN_RANGE_LOOP_ANALYSIS = YES;
				CLANG_WARN_STRICT_PROTOTYPES = YES;
				CLANG_WARN_SUSPICIOUS_MOVE = YES;
				CLANG_WARN_UNGUARDED_AVAILABILITY = YES_AGGRESSIVE;
				CLANG_WARN_UNREACHABLE_CODE = YES;
				CLANG_WARN__DUPLICATE_METHOD_MATCH = YES;
				COPY_PHASE_STRIP = NO;
				DEBUG_INFORMATION_FORMAT = dwarf;
				ENABLE_STRICT_OBJC_MSGSEND = YES;
				ENABLE_TESTABILITY = YES;
				GCC_C_LANGUAGE_STANDARD = gnu11;
				GCC_DYNAMIC_NO_PIC = NO;
				GCC_NO_COMMON_BLOCKS = YES;
				GCC_OPTIMIZATION_LEVEL = 0;
				GCC_PREPROCESSOR_DEFINITIONS = (
					"DEBUG=1",
					"$(inherited)",
				);
				GCC_WARN_64_TO_32_BIT_CONVERSION = YES;
				GCC_WARN_ABOUT_RETURN_TYPE = YES_ERROR;
				GCC_WARN_UNDECLARED_SELECTOR = YES;
				GCC_WARN_UNINITIALIZED_AUTOS = YES_AGGRESSIVE;
				GCC_WARN_UNUSED_FUNCTION = YES;
				GCC_WARN_UNUSED_VARIABLE = YES;
				IPHONEOS_DEPLOYMENT_TARGET = 14.3;
				MTL_ENABLE_DEBUG_INFO = INCLUDE_SOURCE;
				MTL_FAST_MATH = YES;
				ONLY_ACTIVE_ARCH = YES;
				SDKROOT = iphoneos;
				SWIFT_ACTIVE_COMPILATION_CONDITIONS = DEBUG;
				SWIFT_OPTIMIZATION_LEVEL = "-Onone";
			};
			name = Debug;
		};
		B6F04E1726A43C8A0081F89A /* Release */ = {
			isa = XCBuildConfiguration;
			buildSettings = {
				ALWAYS_SEARCH_USER_PATHS = NO;
				CLANG_ANALYZER_NONNULL = YES;
				CLANG_ANALYZER_NUMBER_OBJECT_CONVERSION = YES_AGGRESSIVE;
				CLANG_CXX_LANGUAGE_STANDARD = "gnu++14";
				CLANG_CXX_LIBRARY = "libc++";
				CLANG_ENABLE_MODULES = YES;
				CLANG_ENABLE_OBJC_ARC = YES;
				CLANG_ENABLE_OBJC_WEAK = YES;
				CLANG_WARN_BLOCK_CAPTURE_AUTORELEASING = YES;
				CLANG_WARN_BOOL_CONVERSION = YES;
				CLANG_WARN_COMMA = YES;
				CLANG_WARN_CONSTANT_CONVERSION = YES;
				CLANG_WARN_DEPRECATED_OBJC_IMPLEMENTATIONS = YES;
				CLANG_WARN_DIRECT_OBJC_ISA_USAGE = YES_ERROR;
				CLANG_WARN_DOCUMENTATION_COMMENTS = YES;
				CLANG_WARN_EMPTY_BODY = YES;
				CLANG_WARN_ENUM_CONVERSION = YES;
				CLANG_WARN_INFINITE_RECURSION = YES;
				CLANG_WARN_INT_CONVERSION = YES;
				CLANG_WARN_NON_LITERAL_NULL_CONVERSION = YES;
				CLANG_WARN_OBJC_IMPLICIT_RETAIN_SELF = YES;
				CLANG_WARN_OBJC_LITERAL_CONVERSION = YES;
				CLANG_WARN_OBJC_ROOT_CLASS = YES_ERROR;
				CLANG_WARN_QUOTED_INCLUDE_IN_FRAMEWORK_HEADER = YES;
				CLANG_WARN_RANGE_LOOP_ANALYSIS = YES;
				CLANG_WARN_STRICT_PROTOTYPES = YES;
				CLANG_WARN_SUSPICIOUS_MOVE = YES;
				CLANG_WARN_UNGUARDED_AVAILABILITY = YES_AGGRESSIVE;
				CLANG_WARN_UNREACHABLE_CODE = YES;
				CLANG_WARN__DUPLICATE_METHOD_MATCH = YES;
				COPY_PHASE_STRIP = NO;
				DEBUG_INFORMATION_FORMAT = "dwarf-with-dsym";
				ENABLE_NS_ASSERTIONS = NO;
				ENABLE_STRICT_OBJC_MSGSEND = YES;
				GCC_C_LANGUAGE_STANDARD = gnu11;
				GCC_NO_COMMON_BLOCKS = YES;
				GCC_WARN_64_TO_32_BIT_CONVERSION = YES;
				GCC_WARN_ABOUT_RETURN_TYPE = YES_ERROR;
				GCC_WARN_UNDECLARED_SELECTOR = YES;
				GCC_WARN_UNINITIALIZED_AUTOS = YES_AGGRESSIVE;
				GCC_WARN_UNUSED_FUNCTION = YES;
				GCC_WARN_UNUSED_VARIABLE = YES;
				IPHONEOS_DEPLOYMENT_TARGET = 14.3;
				MTL_ENABLE_DEBUG_INFO = NO;
				MTL_FAST_MATH = YES;
				SDKROOT = iphoneos;
				SWIFT_COMPILATION_MODE = wholemodule;
				SWIFT_OPTIMIZATION_LEVEL = "-O";
				VALIDATE_PRODUCT = YES;
			};
			name = Release;
		};
		B6F04E1926A43C8A0081F89A /* Debug */ = {
			isa = XCBuildConfiguration;
			buildSettings = {
				ASSETCATALOG_COMPILER_APPICON_NAME = AppIcon;
				ASSETCATALOG_COMPILER_GLOBAL_ACCENT_COLOR_NAME = AccentColor;
				CODE_SIGN_STYLE = Automatic;
				DEVELOPMENT_TEAM = 2L2K3UD2LK;
				INFOPLIST_FILE = tutorial/Info.plist;
				LD_RUNPATH_SEARCH_PATHS = (
					"$(inherited)",
					"@executable_path/Frameworks",
				);
				PRODUCT_BUNDLE_IDENTIFIER = com.sangheon.tutorial;
				PRODUCT_NAME = "$(TARGET_NAME)";
				SWIFT_VERSION = 5.0;
				TARGETED_DEVICE_FAMILY = "1,2";
			};
			name = Debug;
		};
		B6F04E1A26A43C8A0081F89A /* Release */ = {
			isa = XCBuildConfiguration;
			buildSettings = {
				ASSETCATALOG_COMPILER_APPICON_NAME = AppIcon;
				ASSETCATALOG_COMPILER_GLOBAL_ACCENT_COLOR_NAME = AccentColor;
				CODE_SIGN_STYLE = Automatic;
				DEVELOPMENT_TEAM = 2L2K3UD2LK;
				INFOPLIST_FILE = tutorial/Info.plist;
				LD_RUNPATH_SEARCH_PATHS = (
					"$(inherited)",
					"@executable_path/Frameworks",
				);
				PRODUCT_BUNDLE_IDENTIFIER = com.sangheon.tutorial;
				PRODUCT_NAME = "$(TARGET_NAME)";
				SWIFT_VERSION = 5.0;
				TARGETED_DEVICE_FAMILY = "1,2";
			};
			name = Release;
		};
/* End XCBuildConfiguration section */

/* Begin XCConfigurationList section */
		B6F04DFF26A43C890081F89A /* Build configuration list for PBXProject "tutorial" */ = {
			isa = XCConfigurationList;
			buildConfigurations = (
				B6F04E1626A43C8A0081F89A /* Debug */,
				B6F04E1726A43C8A0081F89A /* Release */,
			);
			defaultConfigurationIsVisible = 0;
			defaultConfigurationName = Release;
		};
		B6F04E1826A43C8A0081F89A /* Build configuration list for PBXNativeTarget "tutorial" */ = {
			isa = XCConfigurationList;
			buildConfigurations = (
				B6F04E1926A43C8A0081F89A /* Debug */,
				B6F04E1A26A43C8A0081F89A /* Release */,
			);
			defaultConfigurationIsVisible = 0;
			defaultConfigurationName = Release;
		};
/* End XCConfigurationList section */
	};
	rootObject = B6F04DFC26A43C890081F89A /* Project object */;
}
